// !$*UTF8*$!
{
	archiveVersion = 1;
	classes = {
	};
	objectVersion = 46;
	objects = {

/* Begin PBXBuildFile section */
		50BB3C181CE9C32000A8E840 /* AppDelegate.swift in Sources */ = {isa = PBXBuildFile; fileRef = 50BB3C171CE9C32000A8E840 /* AppDelegate.swift */; };
		50BB3C1A1CE9C32000A8E840 /* ViewController.swift in Sources */ = {isa = PBXBuildFile; fileRef = 50BB3C191CE9C32000A8E840 /* ViewController.swift */; };
		50BB3C1D1CE9C32000A8E840 /* Main.storyboard in Resources */ = {isa = PBXBuildFile; fileRef = 50BB3C1B1CE9C32000A8E840 /* Main.storyboard */; };
		50BB3C1F1CE9C32000A8E840 /* Assets.xcassets in Resources */ = {isa = PBXBuildFile; fileRef = 50BB3C1E1CE9C32000A8E840 /* Assets.xcassets */; };
		50BB3C221CE9C32000A8E840 /* LaunchScreen.storyboard in Resources */ = {isa = PBXBuildFile; fileRef = 50BB3C201CE9C32000A8E840 /* LaunchScreen.storyboard */; };
		50BB3C2D1CE9C32000A8E840 /* SpeechTests.swift in Sources */ = {isa = PBXBuildFile; fileRef = 50BB3C2C1CE9C32000A8E840 /* SpeechTests.swift */; };
		50BB3C381CE9C32000A8E840 /* SpeechUITests.swift in Sources */ = {isa = PBXBuildFile; fileRef = 50BB3C371CE9C32000A8E840 /* SpeechUITests.swift */; };
		50BB3C461CE9C7AF00A8E840 /* AVFoundation.framework in Frameworks */ = {isa = PBXBuildFile; fileRef = 50BB3C451CE9C7AF00A8E840 /* AVFoundation.framework */; };
/* End PBXBuildFile section */

/* Begin PBXContainerItemProxy section */
		50BB3C291CE9C32000A8E840 /* PBXContainerItemProxy */ = {
			isa = PBXContainerItemProxy;
			containerPortal = 50BB3C0C1CE9C32000A8E840 /* Project object */;
			proxyType = 1;
			remoteGlobalIDString = 50BB3C131CE9C32000A8E840;
			remoteInfo = Speech;
		};
		50BB3C341CE9C32000A8E840 /* PBXContainerItemProxy */ = {
			isa = PBXContainerItemProxy;
			containerPortal = 50BB3C0C1CE9C32000A8E840 /* Project object */;
			proxyType = 1;
			remoteGlobalIDString = 50BB3C131CE9C32000A8E840;
			remoteInfo = Speech;
		};
/* End PBXContainerItemProxy section */

/* Begin PBXFileReference section */
		50BB3C141CE9C32000A8E840 /* Speech.app */ = {isa = PBXFileReference; explicitFileType = wrapper.application; includeInIndex = 0; path = Speech.app; sourceTree = BUILT_PRODUCTS_DIR; };
		50BB3C171CE9C32000A8E840 /* AppDelegate.swift */ = {isa = PBXFileReference; lastKnownFileType = sourcecode.swift; path = AppDelegate.swift; sourceTree = "<group>"; };
		50BB3C191CE9C32000A8E840 /* ViewController.swift */ = {isa = PBXFileReference; lastKnownFileType = sourcecode.swift; path = ViewController.swift; sourceTree = "<group>"; };
		50BB3C1C1CE9C32000A8E840 /* Base */ = {isa = PBXFileReference; lastKnownFileType = file.storyboard; name = Base; path = Base.lproj/Main.storyboard; sourceTree = "<group>"; };
		50BB3C1E1CE9C32000A8E840 /* Assets.xcassets */ = {isa = PBXFileReference; lastKnownFileType = folder.assetcatalog; path = Assets.xcassets; sourceTree = "<group>"; };
		50BB3C211CE9C32000A8E840 /* Base */ = {isa = PBXFileReference; lastKnownFileType = file.storyboard; name = Base; path = Base.lproj/LaunchScreen.storyboard; sourceTree = "<group>"; };
		50BB3C231CE9C32000A8E840 /* Info.plist */ = {isa = PBXFileReference; lastKnownFileType = text.plist.xml; path = Info.plist; sourceTree = "<group>"; };
		50BB3C281CE9C32000A8E840 /* SpeechTests.xctest */ = {isa = PBXFileReference; explicitFileType = wrapper.cfbundle; includeInIndex = 0; path = SpeechTests.xctest; sourceTree = BUILT_PRODUCTS_DIR; };
		50BB3C2C1CE9C32000A8E840 /* SpeechTests.swift */ = {isa = PBXFileReference; lastKnownFileType = sourcecode.swift; path = SpeechTests.swift; sourceTree = "<group>"; };
		50BB3C2E1CE9C32000A8E840 /* Info.plist */ = {isa = PBXFileReference; lastKnownFileType = text.plist.xml; path = Info.plist; sourceTree = "<group>"; };
		50BB3C331CE9C32000A8E840 /* SpeechUITests.xctest */ = {isa = PBXFileReference; explicitFileType = wrapper.cfbundle; includeInIndex = 0; path = SpeechUITests.xctest; sourceTree = BUILT_PRODUCTS_DIR; };
		50BB3C371CE9C32000A8E840 /* SpeechUITests.swift */ = {isa = PBXFileReference; lastKnownFileType = sourcecode.swift; path = SpeechUITests.swift; sourceTree = "<group>"; };
		50BB3C391CE9C32000A8E840 /* Info.plist */ = {isa = PBXFileReference; lastKnownFileType = text.plist.xml; path = Info.plist; sourceTree = "<group>"; };
		50BB3C451CE9C7AF00A8E840 /* AVFoundation.framework */ = {isa = PBXFileReference; lastKnownFileType = wrapper.framework; name = AVFoundation.framework; path = System/Library/Frameworks/AVFoundation.framework; sourceTree = SDKROOT; };
/* End PBXFileReference section */

/* Begin PBXFrameworksBuildPhase section */
		50BB3C111CE9C32000A8E840 /* Frameworks */ = {
			isa = PBXFrameworksBuildPhase;
			buildActionMask = 2147483647;
			files = (
				50BB3C461CE9C7AF00A8E840 /* AVFoundation.framework in Frameworks */,
			);
			runOnlyForDeploymentPostprocessing = 0;
		};
		50BB3C251CE9C32000A8E840 /* Frameworks */ = {
			isa = PBXFrameworksBuildPhase;
			buildActionMask = 2147483647;
			files = (
			);
			runOnlyForDeploymentPostprocessing = 0;
		};
		50BB3C301CE9C32000A8E840 /* Frameworks */ = {
			isa = PBXFrameworksBuildPhase;
			buildActionMask = 2147483647;
			files = (
			);
			runOnlyForDeploymentPostprocessing = 0;
		};
/* End PBXFrameworksBuildPhase section */

/* Begin PBXGroup section */
		50BB3C0B1CE9C32000A8E840 = {
			isa = PBXGroup;
			children = (
				50BB3C161CE9C32000A8E840 /* Speech */,
				50BB3C2B1CE9C32000A8E840 /* SpeechTests */,
				50BB3C361CE9C32000A8E840 /* SpeechUITests */,
				50BB3C151CE9C32000A8E840 /* Products */,
				50BB3C471CE9C7B500A8E840 /* Frameworks */,
			);
			sourceTree = "<group>";
		};
		50BB3C151CE9C32000A8E840 /* Products */ = {
			isa = PBXGroup;
			children = (
				50BB3C141CE9C32000A8E840 /* Speech.app */,
				50BB3C281CE9C32000A8E840 /* SpeechTests.xctest */,
				50BB3C331CE9C32000A8E840 /* SpeechUITests.xctest */,
			);
			name = Products;
			sourceTree = "<group>";
		};
		50BB3C161CE9C32000A8E840 /* Speech */ = {
			isa = PBXGroup;
			children = (
				50BB3C171CE9C32000A8E840 /* AppDelegate.swift */,
				50BB3C191CE9C32000A8E840 /* ViewController.swift */,
				50BB3C1B1CE9C32000A8E840 /* Main.storyboard */,
				50BB3C1E1CE9C32000A8E840 /* Assets.xcassets */,
				50BB3C201CE9C32000A8E840 /* LaunchScreen.storyboard */,
				50BB3C231CE9C32000A8E840 /* Info.plist */,
			);
			path = Speech;
			sourceTree = "<group>";
		};
		50BB3C2B1CE9C32000A8E840 /* SpeechTests */ = {
			isa = PBXGroup;
			children = (
				50BB3C2C1CE9C32000A8E840 /* SpeechTests.swift */,
				50BB3C2E1CE9C32000A8E840 /* Info.plist */,
			);
			path = SpeechTests;
			sourceTree = "<group>";
		};
		50BB3C361CE9C32000A8E840 /* SpeechUITests */ = {
			isa = PBXGroup;
			children = (
				50BB3C371CE9C32000A8E840 /* SpeechUITests.swift */,
				50BB3C391CE9C32000A8E840 /* Info.plist */,
			);
			path = SpeechUITests;
			sourceTree = "<group>";
		};
		50BB3C471CE9C7B500A8E840 /* Frameworks */ = {
			isa = PBXGroup;
			children = (
				50BB3C451CE9C7AF00A8E840 /* AVFoundation.framework */,
			);
			name = Frameworks;
			sourceTree = "<group>";
		};
/* End PBXGroup section */

/* Begin PBXNativeTarget section */
		50BB3C131CE9C32000A8E840 /* Speech */ = {
			isa = PBXNativeTarget;
			buildConfigurationList = 50BB3C3C1CE9C32000A8E840 /* Build configuration list for PBXNativeTarget "Speech" */;
			buildPhases = (
				50BB3C101CE9C32000A8E840 /* Sources */,
				50BB3C111CE9C32000A8E840 /* Frameworks */,
				50BB3C121CE9C32000A8E840 /* Resources */,
			);
			buildRules = (
			);
			dependencies = (
			);
			name = Speech;
			productName = Speech;
			productReference = 50BB3C141CE9C32000A8E840 /* Speech.app */;
			productType = "com.apple.product-type.application";
		};
		50BB3C271CE9C32000A8E840 /* SpeechTests */ = {
			isa = PBXNativeTarget;
			buildConfigurationList = 50BB3C3F1CE9C32000A8E840 /* Build configuration list for PBXNativeTarget "SpeechTests" */;
			buildPhases = (
				50BB3C241CE9C32000A8E840 /* Sources */,
				50BB3C251CE9C32000A8E840 /* Frameworks */,
				50BB3C261CE9C32000A8E840 /* Resources */,
			);
			buildRules = (
			);
			dependencies = (
				50BB3C2A1CE9C32000A8E840 /* PBXTargetDependency */,
			);
			name = SpeechTests;
			productName = SpeechTests;
			productReference = 50BB3C281CE9C32000A8E840 /* SpeechTests.xctest */;
			productType = "com.apple.product-type.bundle.unit-test";
		};
		50BB3C321CE9C32000A8E840 /* SpeechUITests */ = {
			isa = PBXNativeTarget;
			buildConfigurationList = 50BB3C421CE9C32000A8E840 /* Build configuration list for PBXNativeTarget "SpeechUITests" */;
			buildPhases = (
				50BB3C2F1CE9C32000A8E840 /* Sources */,
				50BB3C301CE9C32000A8E840 /* Frameworks */,
				50BB3C311CE9C32000A8E840 /* Resources */,
			);
			buildRules = (
			);
			dependencies = (
				50BB3C351CE9C32000A8E840 /* PBXTargetDependency */,
			);
			name = SpeechUITests;
			productName = SpeechUITests;
			productReference = 50BB3C331CE9C32000A8E840 /* SpeechUITests.xctest */;
			productType = "com.apple.product-type.bundle.ui-testing";
		};
/* End PBXNativeTarget section */

/* Begin PBXProject section */
		50BB3C0C1CE9C32000A8E840 /* Project object */ = {
			isa = PBXProject;
			attributes = {
				LastSwiftUpdateCheck = 0730;
				LastUpgradeCheck = 0730;
				ORGANIZATIONNAME = ogataiki;
				TargetAttributes = {
					50BB3C131CE9C32000A8E840 = {
						CreatedOnToolsVersion = 7.3;
					};
					50BB3C271CE9C32000A8E840 = {
						CreatedOnToolsVersion = 7.3;
						TestTargetID = 50BB3C131CE9C32000A8E840;
					};
					50BB3C321CE9C32000A8E840 = {
						CreatedOnToolsVersion = 7.3;
						TestTargetID = 50BB3C131CE9C32000A8E840;
					};
				};
			};
			buildConfigurationList = 50BB3C0F1CE9C32000A8E840 /* Build configuration list for PBXProject "Speech" */;
			compatibilityVersion = "Xcode 3.2";
			developmentRegion = English;
			hasScannedForEncodings = 0;
			knownRegions = (
				en,
				Base,
			);
			mainGroup = 50BB3C0B1CE9C32000A8E840;
			productRefGroup = 50BB3C151CE9C32000A8E840 /* Products */;
			projectDirPath = "";
			projectRoot = "";
			targets = (
				50BB3C131CE9C32000A8E840 /* Speech */,
				50BB3C271CE9C32000A8E840 /* SpeechTests */,
				50BB3C321CE9C32000A8E840 /* SpeechUITests */,
			);
		};
/* End PBXProject section */

/* Begin PBXResourcesBuildPhase section */
		50BB3C121CE9C32000A8E840 /* Resources */ = {
			isa = PBXResourcesBuildPhase;
			buildActionMask = 2147483647;
			files = (
				50BB3C221CE9C32000A8E840 /* LaunchScreen.storyboard in Resources */,
				50BB3C1F1CE9C32000A8E840 /* Assets.xcassets in Resources */,
				50BB3C1D1CE9C32000A8E840 /* Main.storyboard in Resources */,
			);
			runOnlyForDeploymentPostprocessing = 0;
		};
		50BB3C261CE9C32000A8E840 /* Resources */ = {
			isa = PBXResourcesBuildPhase;
			buildActionMask = 2147483647;
			files = (
			);
			runOnlyForDeploymentPostprocessing = 0;
		};
		50BB3C311CE9C32000A8E840 /* Resources */ = {
			isa = PBXResourcesBuildPhase;
			buildActionMask = 2147483647;
			files = (
			);
			runOnlyForDeploymentPostprocessing = 0;
		};
/* End PBXResourcesBuildPhase section */

/* Begin PBXSourcesBuildPhase section */
		50BB3C101CE9C32000A8E840 /* Sources */ = {
			isa = PBXSourcesBuildPhase;
			buildActionMask = 2147483647;
			files = (
				50BB3C1A1CE9C32000A8E840 /* ViewController.swift in Sources */,
				50BB3C181CE9C32000A8E840 /* AppDelegate.swift in Sources */,
			);
			runOnlyForDeploymentPostprocessing = 0;
		};
		50BB3C241CE9C32000A8E840 /* Sources */ = {
			isa = PBXSourcesBuildPhase;
			buildActionMask = 2147483647;
			files = (
				50BB3C2D1CE9C32000A8E840 /* SpeechTests.swift in Sources */,
			);
			runOnlyForDeploymentPostprocessing = 0;
		};
		50BB3C2F1CE9C32000A8E840 /* Sources */ = {
			isa = PBXSourcesBuildPhase;
			buildActionMask = 2147483647;
			files = (
				50BB3C381CE9C32000A8E840 /* SpeechUITests.swift in Sources */,
			);
			runOnlyForDeploymentPostprocessing = 0;
		};
/* End PBXSourcesBuildPhase section */

/* Begin PBXTargetDependency section */
		50BB3C2A1CE9C32000A8E840 /* PBXTargetDependency */ = {
			isa = PBXTargetDependency;
			target = 50BB3C131CE9C32000A8E840 /* Speech */;
			targetProxy = 50BB3C291CE9C32000A8E840 /* PBXContainerItemProxy */;
		};
		50BB3C351CE9C32000A8E840 /* PBXTargetDependency */ = {
			isa = PBXTargetDependency;
			target = 50BB3C131CE9C32000A8E840 /* Speech */;
			targetProxy = 50BB3C341CE9C32000A8E840 /* PBXContainerItemProxy */;
		};
/* End PBXTargetDependency section */

/* Begin PBXVariantGroup section */
		50BB3C1B1CE9C32000A8E840 /* Main.storyboard */ = {
			isa = PBXVariantGroup;
			children = (
				50BB3C1C1CE9C32000A8E840 /* Base */,
			);
			name = Main.storyboard;
			sourceTree = "<group>";
		};
		50BB3C201CE9C32000A8E840 /* LaunchScreen.storyboard */ = {
			isa = PBXVariantGroup;
			children = (
				50BB3C211CE9C32000A8E840 /* Base */,
			);
			name = LaunchScreen.storyboard;
			sourceTree = "<group>";
		};
/* End PBXVariantGroup section */

/* Begin XCBuildConfiguration section */
		50BB3C3A1CE9C32000A8E840 /* Debug */ = {
			isa = XCBuildConfiguration;
			buildSettings = {
				ALWAYS_SEARCH_USER_PATHS = NO;
				CLANG_ANALYZER_NONNULL = YES;
				CLANG_CXX_LANGUAGE_STANDARD = "gnu++0x";
				CLANG_CXX_LIBRARY = "libc++";
				CLANG_ENABLE_MODULES = YES;
				CLANG_ENABLE_OBJC_ARC = YES;
				CLANG_WARN_BOOL_CONVERSION = YES;
				CLANG_WARN_CONSTANT_CONVERSION = YES;
				CLANG_WARN_DIRECT_OBJC_ISA_USAGE = YES_ERROR;
				CLANG_WARN_EMPTY_BODY = YES;
				CLANG_WARN_ENUM_CONVERSION = YES;
				CLANG_WARN_INT_CONVERSION = YES;
				CLANG_WARN_OBJC_ROOT_CLASS = YES_ERROR;
				CLANG_WARN_UNREACHABLE_CODE = YES;
				CLANG_WARN__DUPLICATE_METHOD_MATCH = YES;
				"CODE_SIGN_IDENTITY[sdk=iphoneos*]" = "iPhone Developer";
				COPY_PHASE_STRIP = NO;
				DEBUG_INFORMATION_FORMAT = dwarf;
				ENABLE_STRICT_OBJC_MSGSEND = YES;
				ENABLE_TESTABILITY = YES;
				GCC_C_LANGUAGE_STANDARD = gnu99;
				GCC_DYNAMIC_NO_PIC = NO;
				GCC_NO_COMMON_BLOCKS = YES;
				GCC_OPTIMIZATION_LEVEL = 0;
				GCC_PREPROCESSOR_DEFINITIONS = (
					"DEBUG=1",
					"$(inherited)",
				);
				GCC_WARN_64_TO_32_BIT_CONVERSION = YES;
				GCC_WARN_ABOUT_RETURN_TYPE = YES_ERROR;
				GCC_WARN_UNDECLARED_SELECTOR = YES;
				GCC_WARN_UNINITIALIZED_AUTOS = YES_AGGRESSIVE;
				GCC_WARN_UNUSED_FUNCTION = YES;
				GCC_WARN_UNUSED_VARIABLE = YES;
				IPHONEOS_DEPLOYMENT_TARGET = 9.3;
				MTL_ENABLE_DEBUG_INFO = YES;
				ONLY_ACTIVE_ARCH = YES;
				SDKROOT = iphoneos;
				SWIFT_OPTIMIZATION_LEVEL = "-Onone";
				TARGETED_DEVICE_FAMILY = "1,2";
			};
			name = Debug;
		};
		50BB3C3B1CE9C32000A8E840 /* Release */ = {
			isa = XCBuildConfiguration;
			buildSettings = {
				ALWAYS_SEARCH_USER_PATHS = NO;
				CLANG_ANALYZER_NONNULL = YES;
				CLANG_CXX_LANGUAGE_STANDARD = "gnu++0x";
				CLANG_CXX_LIBRARY = "libc++";
				CLANG_ENABLE_MODULES = YES;
				CLANG_ENABLE_OBJC_ARC = YES;
				CLANG_WARN_BOOL_CONVERSION = YES;
				CLANG_WARN_CONSTANT_CONVERSION = YES;
				CLANG_WARN_DIRECT_OBJC_ISA_USAGE = YES_ERROR;
				CLANG_WARN_EMPTY_BODY = YES;
				CLANG_WARN_ENUM_CONVERSION = YES;
				CLANG_WARN_INT_CONVERSION = YES;
				CLANG_WARN_OBJC_ROOT_CLASS = YES_ERROR;
				CLANG_WARN_UNREACHABLE_CODE = YES;
				CLANG_WARN__DUPLICATE_METHOD_MATCH = YES;
				"CODE_SIGN_IDENTITY[sdk=iphoneos*]" = "iPhone Developer";
				COPY_PHASE_STRIP = NO;
				DEBUG_INFORMATION_FORMAT = "dwarf-with-dsym";
				ENABLE_NS_ASSERTIONS = NO;
				ENABLE_STRICT_OBJC_MSGSEND = YES;
				GCC_C_LANGUAGE_STANDARD = gnu99;
				GCC_NO_COMMON_BLOCKS = YES;
				GCC_WARN_64_TO_32_BIT_CONVERSION = YES;
				GCC_WARN_ABOUT_RETURN_TYPE = YES_ERROR;
				GCC_WARN_UNDECLARED_SELECTOR = YES;
				GCC_WARN_UNINITIALIZED_AUTOS = YES_AGGRESSIVE;
				GCC_WARN_UNUSED_FUNCTION = YES;
				GCC_WARN_UNUSED_VARIABLE = YES;
				IPHONEOS_DEPLOYMENT_TARGET = 9.3;
				MTL_ENABLE_DEBUG_INFO = NO;
				SDKROOT = iphoneos;
				TARGETED_DEVICE_FAMILY = "1,2";
				VALIDATE_PRODUCT = YES;
			};
			name = Release;
		};
		50BB3C3D1CE9C32000A8E840 /* Debug */ = {
			isa = XCBuildConfiguration;
			buildSettings = {
				ASSETCATALOG_COMPILER_APPICON_NAME = AppIcon;
				INFOPLIST_FILE = Speech/Info.plist;
				IPHONEOS_DEPLOYMENT_TARGET = 9.1;
				LD_RUNPATH_SEARCH_PATHS = "$(inherited) @executable_path/Frameworks";
				PRODUCT_BUNDLE_IDENTIFIER = com.ogataiki.Speech;
				PRODUCT_NAME = "$(TARGET_NAME)";
				PROVISIONING_PROFILE = "107d9fe8-4f7a-481f-b171-24769d177b82";
			};
			name = Debug;
		};
		50BB3C3E1CE9C32000A8E840 /* Release */ = {
			isa = XCBuildConfiguration;
			buildSettings = {
				ASSETCATALOG_COMPILER_APPICON_NAME = AppIcon;
				INFOPLIST_FILE = Speech/Info.plist;
				IPHONEOS_DEPLOYMENT_TARGET = 9.1;
				LD_RUNPATH_SEARCH_PATHS = "$(inherited) @executable_path/Frameworks";
				PRODUCT_BUNDLE_IDENTIFIER = com.ogataiki.Speech;
				PRODUCT_NAME = "$(TARGET_NAME)";
				PROVISIONING_PROFILE = "107d9fe8-4f7a-481f-b171-24769d177b82";
			};
			name = Release;
		};
		50BB3C401CE9C32000A8E840 /* Debug */ = {
			isa = XCBuildConfiguration;
			buildSettings = {
				BUNDLE_LOADER = "$(TEST_HOST)";
				INFOPLIST_FILE = SpeechTests/Info.plist;
				LD_RUNPATH_SEARCH_PATHS = "$(inherited) @executable_path/Frameworks @loader_path/Frameworks";
				PRODUCT_BUNDLE_IDENTIFIER = com.ogataiki.SpeechTests;
				PRODUCT_NAME = "$(TARGET_NAME)";
				TEST_HOST = "$(BUILT_PRODUCTS_DIR)/Speech.app/Speech";
			};
			name = Debug;
		};
		50BB3C411CE9C32000A8E840 /* Release */ = {
			isa = XCBuildConfiguration;
			buildSettings = {
				BUNDLE_LOADER = "$(TEST_HOST)";
				INFOPLIST_FILE = SpeechTests/Info.plist;
				LD_RUNPATH_SEARCH_PATHS = "$(inherited) @executable_path/Frameworks @loader_path/Frameworks";
				PRODUCT_BUNDLE_IDENTIFIER = com.ogataiki.SpeechTests;
				PRODUCT_NAME = "$(TARGET_NAME)";
				TEST_HOST = "$(BUILT_PRODUCTS_DIR)/Speech.app/Speech";
			};
			name = Release;
		};
		50BB3C431CE9C32000A8E840 /* Debug */ = {
			isa = XCBuildConfiguration;
			buildSettings = {
				INFOPLIST_FILE = SpeechUITests/Info.plist;
				LD_RUNPATH_SEARCH_PATHS = "$(inherited) @executable_path/Frameworks @loader_path/Frameworks";
				PRODUCT_BUNDLE_IDENTIFIER = com.ogataiki.SpeechUITests;
				PRODUCT_NAME = "$(TARGET_NAME)";
				TEST_TARGET_NAME = Speech;
			};
			name = Debug;
		};
		50BB3C441CE9C32000A8E840 /* Release */ = {
			isa = XCBuildConfiguration;
			buildSettings = {
				INFOPLIST_FILE = SpeechUITests/Info.plist;
				LD_RUNPATH_SEARCH_PATHS = "$(inherited) @executable_path/Frameworks @loader_path/Frameworks";
				PRODUCT_BUNDLE_IDENTIFIER = com.ogataiki.SpeechUITests;
				PRODUCT_NAME = "$(TARGET_NAME)";
				TEST_TARGET_NAME = Speech;
			};
			name = Release;
		};
/* End XCBuildConfiguration section */

/* Begin XCConfigurationList section */
		50BB3C0F1CE9C32000A8E840 /* Build configuration list for PBXProject "Speech" */ = {
			isa = XCConfigurationList;
			buildConfigurations = (
				50BB3C3A1CE9C32000A8E840 /* Debug */,
				50BB3C3B1CE9C32000A8E840 /* Release */,
			);
			defaultConfigurationIsVisible = 0;
			defaultConfigurationName = Release;
		};
		50BB3C3C1CE9C32000A8E840 /* Build configuration list for PBXNativeTarget "Speech" */ = {
			isa = XCConfigurationList;
			buildConfigurations = (
				50BB3C3D1CE9C32000A8E840 /* Debug */,
				50BB3C3E1CE9C32000A8E840 /* Release */,
			);
			defaultConfigurationIsVisible = 0;
		};
		50BB3C3F1CE9C32000A8E840 /* Build configuration list for PBXNativeTarget "SpeechTests" */ = {
			isa = XCConfigurationList;
			buildConfigurations = (
				50BB3C401CE9C32000A8E840 /* Debug */,
				50BB3C411CE9C32000A8E840 /* Release */,
			);
			defaultConfigurationIsVisible = 0;
		};
		50BB3C421CE9C32000A8E840 /* Build configuration list for PBXNativeTarget "SpeechUITests" */ = {
			isa = XCConfigurationList;
			buildConfigurations = (
				50BB3C431CE9C32000A8E840 /* Debug */,
				50BB3C441CE9C32000A8E840 /* Release */,
			);
			defaultConfigurationIsVisible = 0;
		};
/* End XCConfigurationList section */
	};
	rootObject = 50BB3C0C1CE9C32000A8E840 /* Project object */;
}
